
Microsoft Visual Studio Solution File, Format Version 12.00
# Visual Studio 15
VisualStudioVersion = 15.0.26730.16
MinimumVisualStudioVersion = 10.0.40219.1
Project("{FAE04EC0-301F-11D3-BF4B-00C04F79EFBC}") = "DealershipInventoryManagement", "DealershipInventoryManagement\DealershipInventoryManagement.csproj", "{B96C45AE-F45F-425C-9A3C-9CBAF2400F99}"
EndProject
Global
	GlobalSection(SolutionConfigurationPlatforms) = preSolution
		Debug|Any CPU = Debug|Any CPU
		Release|Any CPU = Release|Any CPU
	EndGlobalSection
	GlobalSection(ProjectConfigurationPlatforms) = postSolution
		{B96C45AE-F45F-425C-9A3C-9CBAF2400F99}.Debug|Any CPU.ActiveCfg = Debug|Any CPU
		{B96C45AE-F45F-425C-9A3C-9CBAF2400F99}.Debug|Any CPU.Build.0 = Debug|Any CPU
		{B96C45AE-F45F-425C-9A3C-9CBAF2400F99}.Release|Any CPU.ActiveCfg = Release|Any CPU
		{B96C45AE-F45F-425C-9A3C-9CBAF2400F99}.Release|Any CPU.Build.0 = Release|Any CPU
	EndGlobalSection
	GlobalSection(SolutionProperties) = preSolution
		HideSolutionNode = FALSE
	EndGlobalSection
	GlobalSection(ExtensibilityGlobals) = postSolution
		SolutionGuid = {13DDBF12-2A09-434B-A806-A8A2F4DFD0A8}
	EndGlobalSection
EndGlobal
